// !$*UTF8*$!
{
	archiveVersion = 1;
	classes = {
	};
	objectVersion = 55;
	objects = {

/* Begin PBXBuildFile section */
		621A67CB262C8568009FE5EC /* DDTApp.swift in Sources */ = {isa = PBXBuildFile; fileRef = 621A67CA262C8568009FE5EC /* DDTApp.swift */; };
		621A67CF262C8569009FE5EC /* Assets.xcassets in Resources */ = {isa = PBXBuildFile; fileRef = 621A67CE262C8569009FE5EC /* Assets.xcassets */; };
		621A67D2262C8569009FE5EC /* Preview Assets.xcassets in Resources */ = {isa = PBXBuildFile; fileRef = 621A67D1262C8569009FE5EC /* Preview Assets.xcassets */; };
		62274E45283BD07C009F63AE /* SingleBake in Frameworks */ = {isa = PBXBuildFile; productRef = 62274E44283BD07C009F63AE /* SingleBake */; };
		6244080F283C08C200C300D1 /* Production in Frameworks */ = {isa = PBXBuildFile; productRef = 6244080E283C08C200C300D1 /* Production */; };
		624C8BDA2896C5790056ED46 /* MixAddition in Frameworks */ = {isa = PBXBuildFile; productRef = 624C8BD92896C5790056ED46 /* MixAddition */; };
		624C8BDC2896C5820056ED46 /* Components in Frameworks */ = {isa = PBXBuildFile; productRef = 624C8BDB2896C5820056ED46 /* Components */; };
		625718A42896C4F000285018 /* Persistence in Frameworks */ = {isa = PBXBuildFile; productRef = 625718A32896C4F000285018 /* Persistence */; };
		6299ACA32831292C00379EC8 /* World.swift in Sources */ = {isa = PBXBuildFile; fileRef = 6299ACA22831292C00379EC8 /* World.swift */; };
		6299ACA9283136A400379EC8 /* MainView.swift in Sources */ = {isa = PBXBuildFile; fileRef = 6299ACA8283136A400379EC8 /* MainView.swift */; };
		62E48FF528316DB300136CF2 /* Status.swift in Sources */ = {isa = PBXBuildFile; fileRef = 62E48FF428316DB300136CF2 /* Status.swift */; };
/* End PBXBuildFile section */

/* Begin PBXCopyFilesBuildPhase section */
		62E48FD4283141FF00136CF2 /* Embed Frameworks */ = {
			isa = PBXCopyFilesBuildPhase;
			buildActionMask = 2147483647;
			dstPath = "";
			dstSubfolderSpec = 10;
			files = (
			);
			name = "Embed Frameworks";
			runOnlyForDeploymentPostprocessing = 0;
		};
/* End PBXCopyFilesBuildPhase section */

/* Begin PBXFileReference section */
		620EDBDE283943DF00576ABF /* SingleBake */ = {isa = PBXFileReference; lastKnownFileType = wrapper; path = SingleBake; sourceTree = "<group>"; };
		621A67C7262C8568009FE5EC /* DDT.app */ = {isa = PBXFileReference; explicitFileType = wrapper.application; includeInIndex = 0; path = DDT.app; sourceTree = BUILT_PRODUCTS_DIR; };
		621A67CA262C8568009FE5EC /* DDTApp.swift */ = {isa = PBXFileReference; lastKnownFileType = sourcecode.swift; path = DDTApp.swift; sourceTree = "<group>"; };
		621A67CE262C8569009FE5EC /* Assets.xcassets */ = {isa = PBXFileReference; lastKnownFileType = folder.assetcatalog; path = Assets.xcassets; sourceTree = "<group>"; };
		621A67D1262C8569009FE5EC /* Preview Assets.xcassets */ = {isa = PBXFileReference; lastKnownFileType = folder.assetcatalog; path = "Preview Assets.xcassets"; sourceTree = "<group>"; };
		621A67D3262C8569009FE5EC /* Info.plist */ = {isa = PBXFileReference; lastKnownFileType = text.plist.xml; path = Info.plist; sourceTree = "<group>"; };
		6244080D283C08A700C300D1 /* Production */ = {isa = PBXFileReference; lastKnownFileType = wrapper; path = Production; sourceTree = "<group>"; };
		625718A52896C53400285018 /* Components */ = {isa = PBXFileReference; lastKnownFileType = wrapper; path = Components; sourceTree = "<group>"; };
		625718A62896C53E00285018 /* MixAddition */ = {isa = PBXFileReference; lastKnownFileType = wrapper; path = MixAddition; sourceTree = "<group>"; };
		626243A32892E5A900A441C8 /* Persistence */ = {isa = PBXFileReference; lastKnownFileType = wrapper; path = Persistence; sourceTree = "<group>"; };
		6277FD89283F9F3800523121 /* DDT.entitlements */ = {isa = PBXFileReference; lastKnownFileType = text.plist.entitlements; path = DDT.entitlements; sourceTree = "<group>"; };
		6299ACA22831292C00379EC8 /* World.swift */ = {isa = PBXFileReference; lastKnownFileType = sourcecode.swift; path = World.swift; sourceTree = "<group>"; };
		6299ACA8283136A400379EC8 /* MainView.swift */ = {isa = PBXFileReference; lastKnownFileType = sourcecode.swift; path = MainView.swift; sourceTree = "<group>"; };
		62E48FF428316DB300136CF2 /* Status.swift */ = {isa = PBXFileReference; lastKnownFileType = sourcecode.swift; path = Status.swift; sourceTree = "<group>"; };
/* End PBXFileReference section */

/* Begin PBXFrameworksBuildPhase section */
		621A67C4262C8568009FE5EC /* Frameworks */ = {
			isa = PBXFrameworksBuildPhase;
			buildActionMask = 2147483647;
			files = (
				625718A42896C4F000285018 /* Persistence in Frameworks */,
				624C8BDA2896C5790056ED46 /* MixAddition in Frameworks */,
				62274E45283BD07C009F63AE /* SingleBake in Frameworks */,
				624C8BDC2896C5820056ED46 /* Components in Frameworks */,
				6244080F283C08C200C300D1 /* Production in Frameworks */,
			);
			runOnlyForDeploymentPostprocessing = 0;
		};
/* End PBXFrameworksBuildPhase section */

/* Begin PBXGroup section */
		621A67BE262C8568009FE5EC = {
			isa = PBXGroup;
			children = (
				62E490022832BA0D00136CF2 /* Packages */,
				621A67C9262C8568009FE5EC /* DDT */,
				621A67C8262C8568009FE5EC /* Products */,
				62E490052832BA3300136CF2 /* Frameworks */,
			);
			sourceTree = "<group>";
		};
		621A67C8262C8568009FE5EC /* Products */ = {
			isa = PBXGroup;
			children = (
				621A67C7262C8568009FE5EC /* DDT.app */,
			);
			name = Products;
			sourceTree = "<group>";
		};
		621A67C9262C8568009FE5EC /* DDT */ = {
			isa = PBXGroup;
			children = (
				6277FD89283F9F3800523121 /* DDT.entitlements */,
				6299ACAA283136AD00379EC8 /* Launch */,
				621A67D9262C8576009FE5EC /* Support */,
			);
			path = DDT;
			sourceTree = "<group>";
		};
		621A67D0262C8569009FE5EC /* Preview Content */ = {
			isa = PBXGroup;
			children = (
				621A67D1262C8569009FE5EC /* Preview Assets.xcassets */,
			);
			path = "Preview Content";
			sourceTree = "<group>";
		};
		621A67D9262C8576009FE5EC /* Support */ = {
			isa = PBXGroup;
			children = (
				621A67CE262C8569009FE5EC /* Assets.xcassets */,
				621A67D3262C8569009FE5EC /* Info.plist */,
				621A67D0262C8569009FE5EC /* Preview Content */,
				6299ACA22831292C00379EC8 /* World.swift */,
				62E48FF428316DB300136CF2 /* Status.swift */,
			);
			path = Support;
			sourceTree = "<group>";
		};
		6299ACAA283136AD00379EC8 /* Launch */ = {
			isa = PBXGroup;
			children = (
				621A67CA262C8568009FE5EC /* DDTApp.swift */,
				6299ACA8283136A400379EC8 /* MainView.swift */,
			);
			path = Launch;
			sourceTree = "<group>";
		};
		62E490022832BA0D00136CF2 /* Packages */ = {
			isa = PBXGroup;
			children = (
				620EDBDE283943DF00576ABF /* SingleBake */,
				6244080D283C08A700C300D1 /* Production */,
				626243A32892E5A900A441C8 /* Persistence */,
				625718A52896C53400285018 /* Components */,
				625718A62896C53E00285018 /* MixAddition */,
			);
			name = Packages;
			sourceTree = "<group>";
		};
		62E490052832BA3300136CF2 /* Frameworks */ = {
			isa = PBXGroup;
			children = (
			);
			name = Frameworks;
			sourceTree = "<group>";
		};
/* End PBXGroup section */

/* Begin PBXNativeTarget section */
		621A67C6262C8568009FE5EC /* DDT */ = {
			isa = PBXNativeTarget;
			buildConfigurationList = 621A67D6262C8569009FE5EC /* Build configuration list for PBXNativeTarget "DDT" */;
			buildPhases = (
				621A67C3262C8568009FE5EC /* Sources */,
				621A67C4262C8568009FE5EC /* Frameworks */,
				621A67C5262C8568009FE5EC /* Resources */,
				62E48FD4283141FF00136CF2 /* Embed Frameworks */,
			);
			buildRules = (
			);
			dependencies = (
			);
			name = DDT;
			packageProductDependencies = (
				62274E44283BD07C009F63AE /* SingleBake */,
				6244080E283C08C200C300D1 /* Production */,
				625718A32896C4F000285018 /* Persistence */,
				624C8BD92896C5790056ED46 /* MixAddition */,
				624C8BDB2896C5820056ED46 /* Components */,
			);
			productName = DDT;
			productReference = 621A67C7262C8568009FE5EC /* DDT.app */;
			productType = "com.apple.product-type.application";
		};
/* End PBXNativeTarget section */

/* Begin PBXProject section */
		621A67BF262C8568009FE5EC /* Project object */ = {
			isa = PBXProject;
			attributes = {
				LastSwiftUpdateCheck = 1330;
				LastUpgradeCheck = 1250;
				TargetAttributes = {
					621A67C6262C8568009FE5EC = {
						CreatedOnToolsVersion = 12.5;
					};
				};
			};
			buildConfigurationList = 621A67C2262C8568009FE5EC /* Build configuration list for PBXProject "DDT" */;
			compatibilityVersion = "Xcode 13.0";
			developmentRegion = en;
			hasScannedForEncodings = 0;
			knownRegions = (
				en,
				Base,
			);
			mainGroup = 621A67BE262C8568009FE5EC;
			packageReferences = (
			);
			productRefGroup = 621A67C8262C8568009FE5EC /* Products */;
			projectDirPath = "";
			projectRoot = "";
			targets = (
				621A67C6262C8568009FE5EC /* DDT */,
			);
		};
/* End PBXProject section */

/* Begin PBXResourcesBuildPhase section */
		621A67C5262C8568009FE5EC /* Resources */ = {
			isa = PBXResourcesBuildPhase;
			buildActionMask = 2147483647;
			files = (
				621A67D2262C8569009FE5EC /* Preview Assets.xcassets in Resources */,
				621A67CF262C8569009FE5EC /* Assets.xcassets in Resources */,
			);
			runOnlyForDeploymentPostprocessing = 0;
		};
/* End PBXResourcesBuildPhase section */

/* Begin PBXSourcesBuildPhase section */
		621A67C3262C8568009FE5EC /* Sources */ = {
			isa = PBXSourcesBuildPhase;
			buildActionMask = 2147483647;
			files = (
				6299ACA9283136A400379EC8 /* MainView.swift in Sources */,
				6299ACA32831292C00379EC8 /* World.swift in Sources */,
				62E48FF528316DB300136CF2 /* Status.swift in Sources */,
				621A67CB262C8568009FE5EC /* DDTApp.swift in Sources */,
			);
			runOnlyForDeploymentPostprocessing = 0;
		};
/* End PBXSourcesBuildPhase section */

/* Begin XCBuildConfiguration section */
		621A67D4262C8569009FE5EC /* Debug */ = {
			isa = XCBuildConfiguration;
			buildSettings = {
				ALWAYS_SEARCH_USER_PATHS = NO;
				CLANG_ANALYZER_NONNULL = YES;
				CLANG_ANALYZER_NUMBER_OBJECT_CONVERSION = YES_AGGRESSIVE;
				CLANG_CXX_LANGUAGE_STANDARD = "gnu++14";
				CLANG_CXX_LIBRARY = "libc++";
				CLANG_ENABLE_MODULES = YES;
				CLANG_ENABLE_OBJC_ARC = YES;
				CLANG_ENABLE_OBJC_WEAK = YES;
				CLANG_WARN_BLOCK_CAPTURE_AUTORELEASING = YES;
				CLANG_WARN_BOOL_CONVERSION = YES;
				CLANG_WARN_COMMA = YES;
				CLANG_WARN_CONSTANT_CONVERSION = YES;
				CLANG_WARN_DEPRECATED_OBJC_IMPLEMENTATIONS = YES;
				CLANG_WARN_DIRECT_OBJC_ISA_USAGE = YES_ERROR;
				CLANG_WARN_DOCUMENTATION_COMMENTS = YES;
				CLANG_WARN_EMPTY_BODY = YES;
				CLANG_WARN_ENUM_CONVERSION = YES;
				CLANG_WARN_INFINITE_RECURSION = YES;
				CLANG_WARN_INT_CONVERSION = YES;
				CLANG_WARN_NON_LITERAL_NULL_CONVERSION = YES;
				CLANG_WARN_OBJC_IMPLICIT_RETAIN_SELF = YES;
				CLANG_WARN_OBJC_LITERAL_CONVERSION = YES;
				CLANG_WARN_OBJC_ROOT_CLASS = YES_ERROR;
				CLANG_WARN_QUOTED_INCLUDE_IN_FRAMEWORK_HEADER = YES;
				CLANG_WARN_RANGE_LOOP_ANALYSIS = YES;
				CLANG_WARN_STRICT_PROTOTYPES = YES;
				CLANG_WARN_SUSPICIOUS_MOVE = YES;
				CLANG_WARN_UNGUARDED_AVAILABILITY = YES_AGGRESSIVE;
				CLANG_WARN_UNREACHABLE_CODE = YES;
				CLANG_WARN__DUPLICATE_METHOD_MATCH = YES;
				COPY_PHASE_STRIP = NO;
				DEBUG_INFORMATION_FORMAT = dwarf;
				ENABLE_STRICT_OBJC_MSGSEND = YES;
				ENABLE_TESTABILITY = YES;
				GCC_C_LANGUAGE_STANDARD = gnu11;
				GCC_DYNAMIC_NO_PIC = NO;
				GCC_NO_COMMON_BLOCKS = YES;
				GCC_OPTIMIZATION_LEVEL = 0;
				GCC_PREPROCESSOR_DEFINITIONS = (
					"DEBUG=1",
					"$(inherited)",
				);
				GCC_WARN_64_TO_32_BIT_CONVERSION = YES;
				GCC_WARN_ABOUT_RETURN_TYPE = YES_ERROR;
				GCC_WARN_UNDECLARED_SELECTOR = YES;
				GCC_WARN_UNINITIALIZED_AUTOS = YES_AGGRESSIVE;
				GCC_WARN_UNUSED_FUNCTION = YES;
				GCC_WARN_UNUSED_VARIABLE = YES;
				IPHONEOS_DEPLOYMENT_TARGET = 17.2;
				MTL_ENABLE_DEBUG_INFO = INCLUDE_SOURCE;
				MTL_FAST_MATH = YES;
				ONLY_ACTIVE_ARCH = YES;
				SDKROOT = iphoneos;
				SWIFT_ACTIVE_COMPILATION_CONDITIONS = DEBUG;
				SWIFT_OPTIMIZATION_LEVEL = "-Onone";
			};
			name = Debug;
		};
		621A67D5262C8569009FE5EC /* Release */ = {
			isa = XCBuildConfiguration;
			buildSettings = {
				ALWAYS_SEARCH_USER_PATHS = NO;
				CLANG_ANALYZER_NONNULL = YES;
				CLANG_ANALYZER_NUMBER_OBJECT_CONVERSION = YES_AGGRESSIVE;
				CLANG_CXX_LANGUAGE_STANDARD = "gnu++14";
				CLANG_CXX_LIBRARY = "libc++";
				CLANG_ENABLE_MODULES = YES;
				CLANG_ENABLE_OBJC_ARC = YES;
				CLANG_ENABLE_OBJC_WEAK = YES;
				CLANG_WARN_BLOCK_CAPTURE_AUTORELEASING = YES;
				CLANG_WARN_BOOL_CONVERSION = YES;
				CLANG_WARN_COMMA = YES;
				CLANG_WARN_CONSTANT_CONVERSION = YES;
				CLANG_WARN_DEPRECATED_OBJC_IMPLEMENTATIONS = YES;
				CLANG_WARN_DIRECT_OBJC_ISA_USAGE = YES_ERROR;
				CLANG_WARN_DOCUMENTATION_COMMENTS = YES;
				CLANG_WARN_EMPTY_BODY = YES;
				CLANG_WARN_ENUM_CONVERSION = YES;
				CLANG_WARN_INFINITE_RECURSION = YES;
				CLANG_WARN_INT_CONVERSION = YES;
				CLANG_WARN_NON_LITERAL_NULL_CONVERSION = YES;
				CLANG_WARN_OBJC_IMPLICIT_RETAIN_SELF = YES;
				CLANG_WARN_OBJC_LITERAL_CONVERSION = YES;
				CLANG_WARN_OBJC_ROOT_CLASS = YES_ERROR;
				CLANG_WARN_QUOTED_INCLUDE_IN_FRAMEWORK_HEADER = YES;
				CLANG_WARN_RANGE_LOOP_ANALYSIS = YES;
				CLANG_WARN_STRICT_PROTOTYPES = YES;
				CLANG_WARN_SUSPICIOUS_MOVE = YES;
				CLANG_WARN_UNGUARDED_AVAILABILITY = YES_AGGRESSIVE;
				CLANG_WARN_UNREACHABLE_CODE = YES;
				CLANG_WARN__DUPLICATE_METHOD_MATCH = YES;
				COPY_PHASE_STRIP = NO;
				DEBUG_INFORMATION_FORMAT = "dwarf-with-dsym";
				ENABLE_NS_ASSERTIONS = NO;
				ENABLE_STRICT_OBJC_MSGSEND = YES;
				GCC_C_LANGUAGE_STANDARD = gnu11;
				GCC_NO_COMMON_BLOCKS = YES;
				GCC_WARN_64_TO_32_BIT_CONVERSION = YES;
				GCC_WARN_ABOUT_RETURN_TYPE = YES_ERROR;
				GCC_WARN_UNDECLARED_SELECTOR = YES;
				GCC_WARN_UNINITIALIZED_AUTOS = YES_AGGRESSIVE;
				GCC_WARN_UNUSED_FUNCTION = YES;
				GCC_WARN_UNUSED_VARIABLE = YES;
				IPHONEOS_DEPLOYMENT_TARGET = 17.2;
				MTL_ENABLE_DEBUG_INFO = NO;
				MTL_FAST_MATH = YES;
				SDKROOT = iphoneos;
				SWIFT_COMPILATION_MODE = wholemodule;
				SWIFT_OPTIMIZATION_LEVEL = "-O";
				VALIDATE_PRODUCT = YES;
			};
			name = Release;
		};
		621A67D7262C8569009FE5EC /* Debug */ = {
			isa = XCBuildConfiguration;
			buildSettings = {
				ASSETCATALOG_COMPILER_APPICON_NAME = AppIcon;
				ASSETCATALOG_COMPILER_GLOBAL_ACCENT_COLOR_NAME = AccentColor;
				CODE_SIGN_ENTITLEMENTS = DDT/DDT.entitlements;
				CODE_SIGN_STYLE = Automatic;
				CURRENT_PROJECT_VERSION = 1;
				DEVELOPMENT_ASSET_PATHS = "\"DDT/Support/Preview Content\"";
				DEVELOPMENT_TEAM = MG5SW9CY8D;
				ENABLE_PREVIEWS = YES;
				INFOPLIST_FILE = DDT/Support/Info.plist;
				IPHONEOS_DEPLOYMENT_TARGET = 17.2;
				LD_RUNPATH_SEARCH_PATHS = (
					"$(inherited)",
					"@executable_path/Frameworks",
				);
				MARKETING_VERSION = 4.0.0;
				PRODUCT_BUNDLE_IDENTIFIER = com.dimsumthinking.DDTCalculator;
				PRODUCT_NAME = "$(TARGET_NAME)";
				SUPPORTS_MACCATALYST = YES;
				SWIFT_VERSION = 5.0;
				TARGETED_DEVICE_FAMILY = "1,2";
			};
			name = Debug;
		};
		621A67D8262C8569009FE5EC /* Release */ = {
			isa = XCBuildConfiguration;
			buildSettings = {
				ASSETCATALOG_COMPILER_APPICON_NAME = AppIcon;
				ASSETCATALOG_COMPILER_GLOBAL_ACCENT_COLOR_NAME = AccentColor;
				CODE_SIGN_ENTITLEMENTS = DDT/DDT.entitlements;
				CODE_SIGN_STYLE = Automatic;
				CURRENT_PROJECT_VERSION = 1;
				DEVELOPMENT_ASSET_PATHS = "\"DDT/Support/Preview Content\"";
				DEVELOPMENT_TEAM = MG5SW9CY8D;
				ENABLE_PREVIEWS = YES;
				INFOPLIST_FILE = DDT/Support/Info.plist;
				IPHONEOS_DEPLOYMENT_TARGET = 17.2;
				LD_RUNPATH_SEARCH_PATHS = (
					"$(inherited)",
					"@executable_path/Frameworks",
				);
				MARKETING_VERSION = 4.0.0;
				PRODUCT_BUNDLE_IDENTIFIER = com.dimsumthinking.DDTCalculator;
				PRODUCT_NAME = "$(TARGET_NAME)";
				SUPPORTS_MACCATALYST = YES;
				SWIFT_VERSION = 5.0;
				TARGETED_DEVICE_FAMILY = "1,2";
			};
			name = Release;
		};
/* End XCBuildConfiguration section */

/* Begin XCConfigurationList section */
		621A67C2262C8568009FE5EC /* Build configuration list for PBXProject "DDT" */ = {
			isa = XCConfigurationList;
			buildConfigurations = (
				621A67D4262C8569009FE5EC /* Debug */,
				621A67D5262C8569009FE5EC /* Release */,
			);
			defaultConfigurationIsVisible = 0;
			defaultConfigurationName = Release;
		};
		621A67D6262C8569009FE5EC /* Build configuration list for PBXNativeTarget "DDT" */ = {
			isa = XCConfigurationList;
			buildConfigurations = (
				621A67D7262C8569009FE5EC /* Debug */,
				621A67D8262C8569009FE5EC /* Release */,
			);
			defaultConfigurationIsVisible = 0;
			defaultConfigurationName = Release;
		};
/* End XCConfigurationList section */

/* Begin XCSwiftPackageProductDependency section */
		62274E44283BD07C009F63AE /* SingleBake */ = {
			isa = XCSwiftPackageProductDependency;
			productName = SingleBake;
		};
		6244080E283C08C200C300D1 /* Production */ = {
			isa = XCSwiftPackageProductDependency;
			productName = Production;
		};
		624C8BD92896C5790056ED46 /* MixAddition */ = {
			isa = XCSwiftPackageProductDependency;
			productName = MixAddition;
		};
		624C8BDB2896C5820056ED46 /* Components */ = {
			isa = XCSwiftPackageProductDependency;
			productName = Components;
		};
		625718A32896C4F000285018 /* Persistence */ = {
			isa = XCSwiftPackageProductDependency;
			productName = Persistence;
		};
/* End XCSwiftPackageProductDependency section */
	};
	rootObject = 621A67BF262C8568009FE5EC /* Project object */;
}
